github.com/n-marshall/fn v0.0.0-20170411202714-726fd988d1cf h1:h1lQldkVJ43NZvfp/rrgaifvuuxvbXMK8c6lKKv+jew=
github.com/n-marshall/fn v0.0.0-20170411202714-726fd988d1cf/go.mod h1:uum+r02VElzMlngOgS9EdjrsNLfr25BCRX79i+Zve6I=
github.com/n-marshall/go-cp v0.0.0-20180115193924-61436d3b7cfa h1:cHWBhAbWYxzxHdl1kD41n4LPuydyoIHOOo82qqRsP4g=
github.com/n-marshall/go-cp v0.0.0-20180115193924-61436d3b7cfa/go.mod h1:slbibx0cm0aSgmu1NaJdSAZiLmKMGQb2uK1hNNdTZr0=
